
Microsoft Visual Studio Solution File, Format Version 12.00
# Visual Studio Version 17
VisualStudioVersion = 17.3.32901.215
MinimumVisualStudioVersion = 10.0.40219.1
Project("{8BC9CEB8-8B4A-11D0-8D11-00A0C91BC942}") = "Day20230113", "Day20230113\Day20230113.vcxproj", "{9ED97052-2892-4967-BA0A-305C747F90EF}"
EndProject
Global
	GlobalSection(SolutionConfigurationPlatforms) = preSolution
		Debug|x64 = Debug|x64
		Debug|x86 = Debug|x86
		Release|x64 = Release|x64
		Release|x86 = Release|x86
	EndGlobalSection
	GlobalSection(ProjectConfigurationPlatforms) = postSolution
		{9ED97052-2892-4967-BA0A-305C747F90EF}.Debug|x64.ActiveCfg = Debug|x64
		{9ED97052-2892-4967-BA0A-305C747F90EF}.Debug|x64.Build.0 = Debug|x64
		{9ED97052-2892-4967-BA0A-305C747F90EF}.Debug|x86.ActiveCfg = Debug|Win32
		{9ED97052-2892-4967-BA0A-305C747F90EF}.Debug|x86.Build.0 = Debug|Win32
		{9ED97052-2892-4967-BA0A-305C747F90EF}.Release|x64.ActiveCfg = Release|x64
		{9ED97052-2892-4967-BA0A-305C747F90EF}.Release|x64.Build.0 = Release|x64
		{9ED97052-2892-4967-BA0A-305C747F90EF}.Release|x86.ActiveCfg = Release|Win32
		{9ED97052-2892-4967-BA0A-305C747F90EF}.Release|x86.Build.0 = Release|Win32
	EndGlobalSection
	GlobalSection(SolutionProperties) = preSolution
		HideSolutionNode = FALSE
	EndGlobalSection
	GlobalSection(ExtensibilityGlobals) = postSolution
		SolutionGuid = {10736D8B-9B90-41D5-BE5A-2964721BE405}
	EndGlobalSection
EndGlobal
